// !$*UTF8*$!
{
	archiveVersion = 1;
	classes = {
	};
	objectVersion = 55;
	objects = {

/* Begin PBXBuildFile section */
		0773444527FD8E0B006FF3B0 /* SettingsTableViewController.swift in Sources */ = {isa = PBXBuildFile; fileRef = 0773444427FD8E0B006FF3B0 /* SettingsTableViewController.swift */; };
		0773444827FD920B006FF3B0 /* SelectionTableViewController.swift in Sources */ = {isa = PBXBuildFile; fileRef = 0773444727FD920B006FF3B0 /* SelectionTableViewController.swift */; };
		0773444A27FDA0E9006FF3B0 /* UserDefaultsHelper.swift in Sources */ = {isa = PBXBuildFile; fileRef = 0773444927FDA0E9006FF3B0 /* UserDefaultsHelper.swift */; };
		0773444C27FDAEE7006FF3B0 /* Double+Extension.swift in Sources */ = {isa = PBXBuildFile; fileRef = 0773444B27FDAEE7006FF3B0 /* Double+Extension.swift */; };
		0773444E27FDAF7A006FF3B0 /* Units.swift in Sources */ = {isa = PBXBuildFile; fileRef = 0773444D27FDAF7A006FF3B0 /* Units.swift */; };
		0773445027FDB8ED006FF3B0 /* UIApplication+Extension.swift in Sources */ = {isa = PBXBuildFile; fileRef = 0773444F27FDB8ED006FF3B0 /* UIApplication+Extension.swift */; };
		0773445327FDDCCE006FF3B0 /* Localizable.strings in Resources */ = {isa = PBXBuildFile; fileRef = 0773445527FDDCCE006FF3B0 /* Localizable.strings */; };
		0773445C27FDDEAC006FF3B0 /* Localization.swift in Sources */ = {isa = PBXBuildFile; fileRef = 0773445B27FDDEAC006FF3B0 /* Localization.swift */; };
		1E34A90F27FF590A00BD4AD2 /* GoogleMobileAdsCredentials.swift in Sources */ = {isa = PBXBuildFile; fileRef = 1E34A90E27FF590A00BD4AD2 /* GoogleMobileAdsCredentials.swift */; };
		1EB1DD0727F9AE1F0083509E /* AppDelegate.swift in Sources */ = {isa = PBXBuildFile; fileRef = 1EB1DD0627F9AE1F0083509E /* AppDelegate.swift */; };
		1EB1DD0927F9AE1F0083509E /* SceneDelegate.swift in Sources */ = {isa = PBXBuildFile; fileRef = 1EB1DD0827F9AE1F0083509E /* SceneDelegate.swift */; };
		1EB1DD0B27F9AE1F0083509E /* MainViewController.swift in Sources */ = {isa = PBXBuildFile; fileRef = 1EB1DD0A27F9AE1F0083509E /* MainViewController.swift */; };
		1EB1DD1327F9AE250083509E /* Assets.xcassets in Resources */ = {isa = PBXBuildFile; fileRef = 1EB1DD1227F9AE250083509E /* Assets.xcassets */; };
		1EB1DD1627F9AE250083509E /* LaunchScreen.storyboard in Resources */ = {isa = PBXBuildFile; fileRef = 1EB1DD1427F9AE250083509E /* LaunchScreen.storyboard */; };
		1EB1DD2127F9AE250083509E /* ElementsSystemTests.swift in Sources */ = {isa = PBXBuildFile; fileRef = 1EB1DD2027F9AE250083509E /* ElementsSystemTests.swift */; };
		1EB1DD2B27F9AE250083509E /* ElementsSystemUITests.swift in Sources */ = {isa = PBXBuildFile; fileRef = 1EB1DD2A27F9AE250083509E /* ElementsSystemUITests.swift */; };
		1EB1DD2D27F9AE250083509E /* ElementsSystemUITestsLaunchTests.swift in Sources */ = {isa = PBXBuildFile; fileRef = 1EB1DD2C27F9AE250083509E /* ElementsSystemUITestsLaunchTests.swift */; };
		1EB1DD3E27F9AED30083509E /* MainCollectionReusableView.swift in Sources */ = {isa = PBXBuildFile; fileRef = 1EB1DD3D27F9AED30083509E /* MainCollectionReusableView.swift */; };
		1EB1DD4027F9AED90083509E /* MainElementCollectionViewCell.swift in Sources */ = {isa = PBXBuildFile; fileRef = 1EB1DD3F27F9AED90083509E /* MainElementCollectionViewCell.swift */; };
		1EB1DD4227F9AFE20083509E /* LayoutManager.swift in Sources */ = {isa = PBXBuildFile; fileRef = 1EB1DD4127F9AFE20083509E /* LayoutManager.swift */; };
		1EB1DD4427F9B8B20083509E /* TableContents.json in Resources */ = {isa = PBXBuildFile; fileRef = 1EB1DD4327F9B8B10083509E /* TableContents.json */; };
		1EB1DD4627F9BB210083509E /* ElementsReader.swift in Sources */ = {isa = PBXBuildFile; fileRef = 1EB1DD4527F9BB210083509E /* ElementsReader.swift */; };
		1EB1DD4927FB263C0083509E /* MainViewModel.swift in Sources */ = {isa = PBXBuildFile; fileRef = 1EB1DD4827FB263C0083509E /* MainViewModel.swift */; };
		378CEB765E0E295D3621229C /* Pods_ElementsSystem_ElementsSystemUITests.framework in Frameworks */ = {isa = PBXBuildFile; fileRef = D628529F433D73FD96387B46 /* Pods_ElementsSystem_ElementsSystemUITests.framework */; };
		4C02B43D395A4D158AF9DEF9 /* Pods_ElementsSystemTests.framework in Frameworks */ = {isa = PBXBuildFile; fileRef = 8FB69A3AFFB82B7EB60D6706 /* Pods_ElementsSystemTests.framework */; };
		BAA1CB6926172B86CC09C09D /* Pods_ElementsSystem.framework in Frameworks */ = {isa = PBXBuildFile; fileRef = 56591AF43B8C56B47708E720 /* Pods_ElementsSystem.framework */; };
/* End PBXBuildFile section */

/* Begin PBXContainerItemProxy section */
		1EB1DD1D27F9AE250083509E /* PBXContainerItemProxy */ = {
			isa = PBXContainerItemProxy;
			containerPortal = 1EB1DCFB27F9AE1F0083509E /* Project object */;
			proxyType = 1;
			remoteGlobalIDString = 1EB1DD0227F9AE1F0083509E;
			remoteInfo = ElementsSystem;
		};
		1EB1DD2727F9AE250083509E /* PBXContainerItemProxy */ = {
			isa = PBXContainerItemProxy;
			containerPortal = 1EB1DCFB27F9AE1F0083509E /* Project object */;
			proxyType = 1;
			remoteGlobalIDString = 1EB1DD0227F9AE1F0083509E;
			remoteInfo = ElementsSystem;
		};
/* End PBXContainerItemProxy section */

/* Begin PBXFileReference section */
		0773444427FD8E0B006FF3B0 /* SettingsTableViewController.swift */ = {isa = PBXFileReference; lastKnownFileType = sourcecode.swift; path = SettingsTableViewController.swift; sourceTree = "<group>"; };
		0773444727FD920B006FF3B0 /* SelectionTableViewController.swift */ = {isa = PBXFileReference; lastKnownFileType = sourcecode.swift; path = SelectionTableViewController.swift; sourceTree = "<group>"; };
		0773444927FDA0E9006FF3B0 /* UserDefaultsHelper.swift */ = {isa = PBXFileReference; lastKnownFileType = sourcecode.swift; path = UserDefaultsHelper.swift; sourceTree = "<group>"; };
		0773444B27FDAEE7006FF3B0 /* Double+Extension.swift */ = {isa = PBXFileReference; lastKnownFileType = sourcecode.swift; path = "Double+Extension.swift"; sourceTree = "<group>"; };
		0773444D27FDAF7A006FF3B0 /* Units.swift */ = {isa = PBXFileReference; lastKnownFileType = sourcecode.swift; path = Units.swift; sourceTree = "<group>"; };
		0773444F27FDB8ED006FF3B0 /* UIApplication+Extension.swift */ = {isa = PBXFileReference; lastKnownFileType = sourcecode.swift; path = "UIApplication+Extension.swift"; sourceTree = "<group>"; };
		0773445427FDDCCE006FF3B0 /* en */ = {isa = PBXFileReference; lastKnownFileType = text.plist.strings; name = en; path = en.lproj/Localizable.strings; sourceTree = "<group>"; };
		0773445B27FDDEAC006FF3B0 /* Localization.swift */ = {isa = PBXFileReference; lastKnownFileType = sourcecode.swift; path = Localization.swift; sourceTree = "<group>"; };
		0E41DC826240756952863A74 /* Pods-ElementsSystemTests.debug.xcconfig */ = {isa = PBXFileReference; includeInIndex = 1; lastKnownFileType = text.xcconfig; name = "Pods-ElementsSystemTests.debug.xcconfig"; path = "Target Support Files/Pods-ElementsSystemTests/Pods-ElementsSystemTests.debug.xcconfig"; sourceTree = "<group>"; };
		1E34A90E27FF590A00BD4AD2 /* GoogleMobileAdsCredentials.swift */ = {isa = PBXFileReference; lastKnownFileType = sourcecode.swift; path = GoogleMobileAdsCredentials.swift; sourceTree = "<group>"; };
		1EB1DD0327F9AE1F0083509E /* ElementsSystem.app */ = {isa = PBXFileReference; explicitFileType = wrapper.application; includeInIndex = 0; path = ElementsSystem.app; sourceTree = BUILT_PRODUCTS_DIR; };
		1EB1DD0627F9AE1F0083509E /* AppDelegate.swift */ = {isa = PBXFileReference; lastKnownFileType = sourcecode.swift; path = AppDelegate.swift; sourceTree = "<group>"; };
		1EB1DD0827F9AE1F0083509E /* SceneDelegate.swift */ = {isa = PBXFileReference; lastKnownFileType = sourcecode.swift; path = SceneDelegate.swift; sourceTree = "<group>"; };
		1EB1DD0A27F9AE1F0083509E /* MainViewController.swift */ = {isa = PBXFileReference; lastKnownFileType = sourcecode.swift; path = MainViewController.swift; sourceTree = "<group>"; };
		1EB1DD1227F9AE250083509E /* Assets.xcassets */ = {isa = PBXFileReference; lastKnownFileType = folder.assetcatalog; path = Assets.xcassets; sourceTree = "<group>"; };
		1EB1DD1527F9AE250083509E /* Base */ = {isa = PBXFileReference; lastKnownFileType = file.storyboard; name = Base; path = Base.lproj/LaunchScreen.storyboard; sourceTree = "<group>"; };
		1EB1DD1727F9AE250083509E /* Info.plist */ = {isa = PBXFileReference; lastKnownFileType = text.plist.xml; path = Info.plist; sourceTree = "<group>"; };
		1EB1DD1C27F9AE250083509E /* ElementsSystemTests.xctest */ = {isa = PBXFileReference; explicitFileType = wrapper.cfbundle; includeInIndex = 0; path = ElementsSystemTests.xctest; sourceTree = BUILT_PRODUCTS_DIR; };
		1EB1DD2027F9AE250083509E /* ElementsSystemTests.swift */ = {isa = PBXFileReference; lastKnownFileType = sourcecode.swift; path = ElementsSystemTests.swift; sourceTree = "<group>"; };
		1EB1DD2627F9AE250083509E /* ElementsSystemUITests.xctest */ = {isa = PBXFileReference; explicitFileType = wrapper.cfbundle; includeInIndex = 0; path = ElementsSystemUITests.xctest; sourceTree = BUILT_PRODUCTS_DIR; };
		1EB1DD2A27F9AE250083509E /* ElementsSystemUITests.swift */ = {isa = PBXFileReference; lastKnownFileType = sourcecode.swift; path = ElementsSystemUITests.swift; sourceTree = "<group>"; };
		1EB1DD2C27F9AE250083509E /* ElementsSystemUITestsLaunchTests.swift */ = {isa = PBXFileReference; lastKnownFileType = sourcecode.swift; path = ElementsSystemUITestsLaunchTests.swift; sourceTree = "<group>"; };
		1EB1DD3D27F9AED30083509E /* MainCollectionReusableView.swift */ = {isa = PBXFileReference; fileEncoding = 4; lastKnownFileType = sourcecode.swift; path = MainCollectionReusableView.swift; sourceTree = "<group>"; };
		1EB1DD3F27F9AED90083509E /* MainElementCollectionViewCell.swift */ = {isa = PBXFileReference; fileEncoding = 4; lastKnownFileType = sourcecode.swift; path = MainElementCollectionViewCell.swift; sourceTree = "<group>"; };
		1EB1DD4127F9AFE20083509E /* LayoutManager.swift */ = {isa = PBXFileReference; fileEncoding = 4; lastKnownFileType = sourcecode.swift; path = LayoutManager.swift; sourceTree = "<group>"; };
		1EB1DD4327F9B8B10083509E /* TableContents.json */ = {isa = PBXFileReference; fileEncoding = 4; lastKnownFileType = text.json; path = TableContents.json; sourceTree = "<group>"; };
		1EB1DD4527F9BB210083509E /* ElementsReader.swift */ = {isa = PBXFileReference; lastKnownFileType = sourcecode.swift; path = ElementsReader.swift; sourceTree = "<group>"; };
		1EB1DD4727FA14690083509E /* ElementsSystem.entitlements */ = {isa = PBXFileReference; lastKnownFileType = text.plist.entitlements; path = ElementsSystem.entitlements; sourceTree = "<group>"; };
		1EB1DD4827FB263C0083509E /* MainViewModel.swift */ = {isa = PBXFileReference; lastKnownFileType = sourcecode.swift; path = MainViewModel.swift; sourceTree = "<group>"; };
		4F342CE81885A0F758BF5A7C /* Pods-ElementsSystem-ElementsSystemUITests.debug.xcconfig */ = {isa = PBXFileReference; includeInIndex = 1; lastKnownFileType = text.xcconfig; name = "Pods-ElementsSystem-ElementsSystemUITests.debug.xcconfig"; path = "Target Support Files/Pods-ElementsSystem-ElementsSystemUITests/Pods-ElementsSystem-ElementsSystemUITests.debug.xcconfig"; sourceTree = "<group>"; };
		56591AF43B8C56B47708E720 /* Pods_ElementsSystem.framework */ = {isa = PBXFileReference; explicitFileType = wrapper.framework; includeInIndex = 0; path = Pods_ElementsSystem.framework; sourceTree = BUILT_PRODUCTS_DIR; };
		8FB69A3AFFB82B7EB60D6706 /* Pods_ElementsSystemTests.framework */ = {isa = PBXFileReference; explicitFileType = wrapper.framework; includeInIndex = 0; path = Pods_ElementsSystemTests.framework; sourceTree = BUILT_PRODUCTS_DIR; };
		9368EFD8A4C976E6F9F9BCEA /* Pods-ElementsSystem.debug.xcconfig */ = {isa = PBXFileReference; includeInIndex = 1; lastKnownFileType = text.xcconfig; name = "Pods-ElementsSystem.debug.xcconfig"; path = "Target Support Files/Pods-ElementsSystem/Pods-ElementsSystem.debug.xcconfig"; sourceTree = "<group>"; };
		BCBD493EB9B4BFF3CCFEDC20 /* Pods-ElementsSystemTests.release.xcconfig */ = {isa = PBXFileReference; includeInIndex = 1; lastKnownFileType = text.xcconfig; name = "Pods-ElementsSystemTests.release.xcconfig"; path = "Target Support Files/Pods-ElementsSystemTests/Pods-ElementsSystemTests.release.xcconfig"; sourceTree = "<group>"; };
		D2E5E7502131F2191B5F2A73 /* Pods-ElementsSystem-ElementsSystemUITests.release.xcconfig */ = {isa = PBXFileReference; includeInIndex = 1; lastKnownFileType = text.xcconfig; name = "Pods-ElementsSystem-ElementsSystemUITests.release.xcconfig"; path = "Target Support Files/Pods-ElementsSystem-ElementsSystemUITests/Pods-ElementsSystem-ElementsSystemUITests.release.xcconfig"; sourceTree = "<group>"; };
		D628529F433D73FD96387B46 /* Pods_ElementsSystem_ElementsSystemUITests.framework */ = {isa = PBXFileReference; explicitFileType = wrapper.framework; includeInIndex = 0; path = Pods_ElementsSystem_ElementsSystemUITests.framework; sourceTree = BUILT_PRODUCTS_DIR; };
		E28D740CC1AC4ED2B304D7DA /* Pods-ElementsSystem.release.xcconfig */ = {isa = PBXFileReference; includeInIndex = 1; lastKnownFileType = text.xcconfig; name = "Pods-ElementsSystem.release.xcconfig"; path = "Target Support Files/Pods-ElementsSystem/Pods-ElementsSystem.release.xcconfig"; sourceTree = "<group>"; };
/* End PBXFileReference section */

/* Begin PBXFrameworksBuildPhase section */
		1EB1DD0027F9AE1F0083509E /* Frameworks */ = {
			isa = PBXFrameworksBuildPhase;
			buildActionMask = 2147483647;
			files = (
				BAA1CB6926172B86CC09C09D /* Pods_ElementsSystem.framework in Frameworks */,
			);
			runOnlyForDeploymentPostprocessing = 0;
		};
		1EB1DD1927F9AE250083509E /* Frameworks */ = {
			isa = PBXFrameworksBuildPhase;
			buildActionMask = 2147483647;
			files = (
				4C02B43D395A4D158AF9DEF9 /* Pods_ElementsSystemTests.framework in Frameworks */,
			);
			runOnlyForDeploymentPostprocessing = 0;
		};
		1EB1DD2327F9AE250083509E /* Frameworks */ = {
			isa = PBXFrameworksBuildPhase;
			buildActionMask = 2147483647;
			files = (
				378CEB765E0E295D3621229C /* Pods_ElementsSystem_ElementsSystemUITests.framework in Frameworks */,
			);
			runOnlyForDeploymentPostprocessing = 0;
		};
/* End PBXFrameworksBuildPhase section */

/* Begin PBXGroup section */
		0773444227FD8DCE006FF3B0 /* Settings */ = {
			isa = PBXGroup;
			children = (
				0773444427FD8E0B006FF3B0 /* SettingsTableViewController.swift */,
				0773444727FD920B006FF3B0 /* SelectionTableViewController.swift */,
			);
			path = Settings;
			sourceTree = "<group>";
		};
		0773445D27FDE83A006FF3B0 /* Common */ = {
			isa = PBXGroup;
			children = (
				1EB1DD4527F9BB210083509E /* ElementsReader.swift */,
				0773444927FDA0E9006FF3B0 /* UserDefaultsHelper.swift */,
				0773444B27FDAEE7006FF3B0 /* Double+Extension.swift */,
				0773444D27FDAF7A006FF3B0 /* Units.swift */,
				0773444F27FDB8ED006FF3B0 /* UIApplication+Extension.swift */,
			);
			path = Common;
			sourceTree = "<group>";
		};
		1EB1DCFA27F9AE1F0083509E = {
			isa = PBXGroup;
			children = (
				1EB1DD0527F9AE1F0083509E /* ElementsSystem */,
				1EB1DD1F27F9AE250083509E /* ElementsSystemTests */,
				1EB1DD2927F9AE250083509E /* ElementsSystemUITests */,
				1EB1DD0427F9AE1F0083509E /* Products */,
				97136BC8AD473F7CCD944E6B /* Pods */,
				F60438BD35A2B444052F318F /* Frameworks */,
			);
			sourceTree = "<group>";
		};
		1EB1DD0427F9AE1F0083509E /* Products */ = {
			isa = PBXGroup;
			children = (
				1EB1DD0327F9AE1F0083509E /* ElementsSystem.app */,
				1EB1DD1C27F9AE250083509E /* ElementsSystemTests.xctest */,
				1EB1DD2627F9AE250083509E /* ElementsSystemUITests.xctest */,
			);
			name = Products;
			sourceTree = "<group>";
		};
		1EB1DD0527F9AE1F0083509E /* ElementsSystem */ = {
			isa = PBXGroup;
			children = (
				1EB1DD4727FA14690083509E /* ElementsSystem.entitlements */,
				0773445D27FDE83A006FF3B0 /* Common */,
				1EB1DD3B27F9AEAD0083509E /* Resources */,
				1EB1DD3A27F9AE9B0083509E /* Application */,
				1EB1DD3927F9AE910083509E /* Controllers */,
			);
			path = ElementsSystem;
			sourceTree = "<group>";
		};
		1EB1DD1F27F9AE250083509E /* ElementsSystemTests */ = {
			isa = PBXGroup;
			children = (
				1EB1DD2027F9AE250083509E /* ElementsSystemTests.swift */,
			);
			path = ElementsSystemTests;
			sourceTree = "<group>";
		};
		1EB1DD2927F9AE250083509E /* ElementsSystemUITests */ = {
			isa = PBXGroup;
			children = (
				1EB1DD2A27F9AE250083509E /* ElementsSystemUITests.swift */,
				1EB1DD2C27F9AE250083509E /* ElementsSystemUITestsLaunchTests.swift */,
			);
			path = ElementsSystemUITests;
			sourceTree = "<group>";
		};
		1EB1DD3927F9AE910083509E /* Controllers */ = {
			isa = PBXGroup;
			children = (
				0773444227FD8DCE006FF3B0 /* Settings */,
				1EB1DD3C27F9AEC90083509E /* MainScreen */,
			);
			path = Controllers;
			sourceTree = "<group>";
		};
		1EB1DD3A27F9AE9B0083509E /* Application */ = {
			isa = PBXGroup;
			children = (
				1EB1DD1727F9AE250083509E /* Info.plist */,
				1EB1DD1427F9AE250083509E /* LaunchScreen.storyboard */,
				1EB1DD0627F9AE1F0083509E /* AppDelegate.swift */,
				1EB1DD0827F9AE1F0083509E /* SceneDelegate.swift */,
			);
			path = Application;
			sourceTree = "<group>";
		};
		1EB1DD3B27F9AEAD0083509E /* Resources */ = {
			isa = PBXGroup;
			children = (
				1EB1DD4327F9B8B10083509E /* TableContents.json */,
				1EB1DD1227F9AE250083509E /* Assets.xcassets */,
				0773445527FDDCCE006FF3B0 /* Localizable.strings */,
				0773445B27FDDEAC006FF3B0 /* Localization.swift */,
				1E34A90E27FF590A00BD4AD2 /* GoogleMobileAdsCredentials.swift */,
			);
			path = Resources;
			sourceTree = "<group>";
		};
		1EB1DD3C27F9AEC90083509E /* MainScreen */ = {
			isa = PBXGroup;
			children = (
				1EB1DD4C27FB26730083509E /* Header */,
				1EB1DD4B27FB26640083509E /* Cell */,
				1EB1DD4A27FB26540083509E /* Controller */,
			);
			path = MainScreen;
			sourceTree = "<group>";
		};
		1EB1DD4A27FB26540083509E /* Controller */ = {
			isa = PBXGroup;
			children = (
				1EB1DD4127F9AFE20083509E /* LayoutManager.swift */,
				1EB1DD0A27F9AE1F0083509E /* MainViewController.swift */,
				1EB1DD4827FB263C0083509E /* MainViewModel.swift */,
			);
			path = Controller;
			sourceTree = "<group>";
		};
		1EB1DD4B27FB26640083509E /* Cell */ = {
			isa = PBXGroup;
			children = (
				1EB1DD3F27F9AED90083509E /* MainElementCollectionViewCell.swift */,
			);
			path = Cell;
			sourceTree = "<group>";
		};
		1EB1DD4C27FB26730083509E /* Header */ = {
			isa = PBXGroup;
			children = (
				1EB1DD3D27F9AED30083509E /* MainCollectionReusableView.swift */,
			);
			path = Header;
			sourceTree = "<group>";
		};
		97136BC8AD473F7CCD944E6B /* Pods */ = {
			isa = PBXGroup;
			children = (
				9368EFD8A4C976E6F9F9BCEA /* Pods-ElementsSystem.debug.xcconfig */,
				E28D740CC1AC4ED2B304D7DA /* Pods-ElementsSystem.release.xcconfig */,
				4F342CE81885A0F758BF5A7C /* Pods-ElementsSystem-ElementsSystemUITests.debug.xcconfig */,
				D2E5E7502131F2191B5F2A73 /* Pods-ElementsSystem-ElementsSystemUITests.release.xcconfig */,
				0E41DC826240756952863A74 /* Pods-ElementsSystemTests.debug.xcconfig */,
				BCBD493EB9B4BFF3CCFEDC20 /* Pods-ElementsSystemTests.release.xcconfig */,
			);
			path = Pods;
			sourceTree = "<group>";
		};
		F60438BD35A2B444052F318F /* Frameworks */ = {
			isa = PBXGroup;
			children = (
				56591AF43B8C56B47708E720 /* Pods_ElementsSystem.framework */,
				D628529F433D73FD96387B46 /* Pods_ElementsSystem_ElementsSystemUITests.framework */,
				8FB69A3AFFB82B7EB60D6706 /* Pods_ElementsSystemTests.framework */,
			);
			name = Frameworks;
			sourceTree = "<group>";
		};
/* End PBXGroup section */

/* Begin PBXNativeTarget section */
		1EB1DD0227F9AE1F0083509E /* ElementsSystem */ = {
			isa = PBXNativeTarget;
			buildConfigurationList = 1EB1DD3027F9AE250083509E /* Build configuration list for PBXNativeTarget "ElementsSystem" */;
			buildPhases = (
				652B56796418153F574CDAD4 /* [CP] Check Pods Manifest.lock */,
				1EB1DCFF27F9AE1F0083509E /* Sources */,
				1EB1DD0027F9AE1F0083509E /* Frameworks */,
				1EB1DD0127F9AE1F0083509E /* Resources */,
				9802ED58BF950CC4319FAEF0 /* [CP] Embed Pods Frameworks */,
			);
			buildRules = (
			);
			dependencies = (
			);
			name = ElementsSystem;
			productName = ElementsSystem;
			productReference = 1EB1DD0327F9AE1F0083509E /* ElementsSystem.app */;
			productType = "com.apple.product-type.application";
		};
		1EB1DD1B27F9AE250083509E /* ElementsSystemTests */ = {
			isa = PBXNativeTarget;
			buildConfigurationList = 1EB1DD3327F9AE250083509E /* Build configuration list for PBXNativeTarget "ElementsSystemTests" */;
			buildPhases = (
				2222355021F80820CC272DA5 /* [CP] Check Pods Manifest.lock */,
				1EB1DD1827F9AE250083509E /* Sources */,
				1EB1DD1927F9AE250083509E /* Frameworks */,
				1EB1DD1A27F9AE250083509E /* Resources */,
			);
			buildRules = (
			);
			dependencies = (
				1EB1DD1E27F9AE250083509E /* PBXTargetDependency */,
			);
			name = ElementsSystemTests;
			productName = ElementsSystemTests;
			productReference = 1EB1DD1C27F9AE250083509E /* ElementsSystemTests.xctest */;
			productType = "com.apple.product-type.bundle.unit-test";
		};
		1EB1DD2527F9AE250083509E /* ElementsSystemUITests */ = {
			isa = PBXNativeTarget;
			buildConfigurationList = 1EB1DD3627F9AE250083509E /* Build configuration list for PBXNativeTarget "ElementsSystemUITests" */;
			buildPhases = (
				8FC37D720C08685214441513 /* [CP] Check Pods Manifest.lock */,
				1EB1DD2227F9AE250083509E /* Sources */,
				1EB1DD2327F9AE250083509E /* Frameworks */,
				1EB1DD2427F9AE250083509E /* Resources */,
				22933B07138500630A759B49 /* [CP] Embed Pods Frameworks */,
			);
			buildRules = (
			);
			dependencies = (
				1EB1DD2827F9AE250083509E /* PBXTargetDependency */,
			);
			name = ElementsSystemUITests;
			productName = ElementsSystemUITests;
			productReference = 1EB1DD2627F9AE250083509E /* ElementsSystemUITests.xctest */;
			productType = "com.apple.product-type.bundle.ui-testing";
		};
/* End PBXNativeTarget section */

/* Begin PBXProject section */
		1EB1DCFB27F9AE1F0083509E /* Project object */ = {
			isa = PBXProject;
			attributes = {
				BuildIndependentTargetsInParallel = 1;
				LastSwiftUpdateCheck = 1330;
				LastUpgradeCheck = 1330;
				TargetAttributes = {
					1EB1DD0227F9AE1F0083509E = {
						CreatedOnToolsVersion = 13.3;
					};
					1EB1DD1B27F9AE250083509E = {
						CreatedOnToolsVersion = 13.3;
						TestTargetID = 1EB1DD0227F9AE1F0083509E;
					};
					1EB1DD2527F9AE250083509E = {
						CreatedOnToolsVersion = 13.3;
						TestTargetID = 1EB1DD0227F9AE1F0083509E;
					};
				};
			};
			buildConfigurationList = 1EB1DCFE27F9AE1F0083509E /* Build configuration list for PBXProject "ElementsSystem" */;
			compatibilityVersion = "Xcode 13.0";
			developmentRegion = en;
			hasScannedForEncodings = 0;
			knownRegions = (
				en,
				Base,
			);
			mainGroup = 1EB1DCFA27F9AE1F0083509E;
			productRefGroup = 1EB1DD0427F9AE1F0083509E /* Products */;
			projectDirPath = "";
			projectRoot = "";
			targets = (
				1EB1DD0227F9AE1F0083509E /* ElementsSystem */,
				1EB1DD1B27F9AE250083509E /* ElementsSystemTests */,
				1EB1DD2527F9AE250083509E /* ElementsSystemUITests */,
			);
		};
/* End PBXProject section */

/* Begin PBXResourcesBuildPhase section */
		1EB1DD0127F9AE1F0083509E /* Resources */ = {
			isa = PBXResourcesBuildPhase;
			buildActionMask = 2147483647;
			files = (
				1EB1DD1627F9AE250083509E /* LaunchScreen.storyboard in Resources */,
				0773445327FDDCCE006FF3B0 /* Localizable.strings in Resources */,
				1EB1DD4427F9B8B20083509E /* TableContents.json in Resources */,
				1EB1DD1327F9AE250083509E /* Assets.xcassets in Resources */,
			);
			runOnlyForDeploymentPostprocessing = 0;
		};
		1EB1DD1A27F9AE250083509E /* Resources */ = {
			isa = PBXResourcesBuildPhase;
			buildActionMask = 2147483647;
			files = (
			);
			runOnlyForDeploymentPostprocessing = 0;
		};
		1EB1DD2427F9AE250083509E /* Resources */ = {
			isa = PBXResourcesBuildPhase;
			buildActionMask = 2147483647;
			files = (
			);
			runOnlyForDeploymentPostprocessing = 0;
		};
/* End PBXResourcesBuildPhase section */

/* Begin PBXShellScriptBuildPhase section */
		2222355021F80820CC272DA5 /* [CP] Check Pods Manifest.lock */ = {
			isa = PBXShellScriptBuildPhase;
			buildActionMask = 2147483647;
			files = (
			);
			inputFileListPaths = (
			);
			inputPaths = (
				"${PODS_PODFILE_DIR_PATH}/Podfile.lock",
				"${PODS_ROOT}/Manifest.lock",
			);
			name = "[CP] Check Pods Manifest.lock";
			outputFileListPaths = (
			);
			outputPaths = (
				"$(DERIVED_FILE_DIR)/Pods-ElementsSystemTests-checkManifestLockResult.txt",
			);
			runOnlyForDeploymentPostprocessing = 0;
			shellPath = /bin/sh;
			shellScript = "diff \"${PODS_PODFILE_DIR_PATH}/Podfile.lock\" \"${PODS_ROOT}/Manifest.lock\" > /dev/null\nif [ $? != 0 ] ; then\n    # print error to STDERR\n    echo \"error: The sandbox is not in sync with the Podfile.lock. Run 'pod install' or update your CocoaPods installation.\" >&2\n    exit 1\nfi\n# This output is used by Xcode 'outputs' to avoid re-running this script phase.\necho \"SUCCESS\" > \"${SCRIPT_OUTPUT_FILE_0}\"\n";
			showEnvVarsInLog = 0;
		};
		22933B07138500630A759B49 /* [CP] Embed Pods Frameworks */ = {
			isa = PBXShellScriptBuildPhase;
			buildActionMask = 2147483647;
			files = (
			);
			inputFileListPaths = (
				"${PODS_ROOT}/Target Support Files/Pods-ElementsSystem-ElementsSystemUITests/Pods-ElementsSystem-ElementsSystemUITests-frameworks-${CONFIGURATION}-input-files.xcfilelist",
			);
			name = "[CP] Embed Pods Frameworks";
			outputFileListPaths = (
				"${PODS_ROOT}/Target Support Files/Pods-ElementsSystem-ElementsSystemUITests/Pods-ElementsSystem-ElementsSystemUITests-frameworks-${CONFIGURATION}-output-files.xcfilelist",
			);
			runOnlyForDeploymentPostprocessing = 0;
			shellPath = /bin/sh;
			shellScript = "\"${PODS_ROOT}/Target Support Files/Pods-ElementsSystem-ElementsSystemUITests/Pods-ElementsSystem-ElementsSystemUITests-frameworks.sh\"\n";
			showEnvVarsInLog = 0;
		};
		652B56796418153F574CDAD4 /* [CP] Check Pods Manifest.lock */ = {
			isa = PBXShellScriptBuildPhase;
			buildActionMask = 2147483647;
			files = (
			);
			inputFileListPaths = (
			);
			inputPaths = (
				"${PODS_PODFILE_DIR_PATH}/Podfile.lock",
				"${PODS_ROOT}/Manifest.lock",
			);
			name = "[CP] Check Pods Manifest.lock";
			outputFileListPaths = (
			);
			outputPaths = (
				"$(DERIVED_FILE_DIR)/Pods-ElementsSystem-checkManifestLockResult.txt",
			);
			runOnlyForDeploymentPostprocessing = 0;
			shellPath = /bin/sh;
			shellScript = "diff \"${PODS_PODFILE_DIR_PATH}/Podfile.lock\" \"${PODS_ROOT}/Manifest.lock\" > /dev/null\nif [ $? != 0 ] ; then\n    # print error to STDERR\n    echo \"error: The sandbox is not in sync with the Podfile.lock. Run 'pod install' or update your CocoaPods installation.\" >&2\n    exit 1\nfi\n# This output is used by Xcode 'outputs' to avoid re-running this script phase.\necho \"SUCCESS\" > \"${SCRIPT_OUTPUT_FILE_0}\"\n";
			showEnvVarsInLog = 0;
		};
		8FC37D720C08685214441513 /* [CP] Check Pods Manifest.lock */ = {
			isa = PBXShellScriptBuildPhase;
			buildActionMask = 2147483647;
			files = (
			);
			inputFileListPaths = (
			);
			inputPaths = (
				"${PODS_PODFILE_DIR_PATH}/Podfile.lock",
				"${PODS_ROOT}/Manifest.lock",
			);
			name = "[CP] Check Pods Manifest.lock";
			outputFileListPaths = (
			);
			outputPaths = (
				"$(DERIVED_FILE_DIR)/Pods-ElementsSystem-ElementsSystemUITests-checkManifestLockResult.txt",
			);
			runOnlyForDeploymentPostprocessing = 0;
			shellPath = /bin/sh;
			shellScript = "diff \"${PODS_PODFILE_DIR_PATH}/Podfile.lock\" \"${PODS_ROOT}/Manifest.lock\" > /dev/null\nif [ $? != 0 ] ; then\n    # print error to STDERR\n    echo \"error: The sandbox is not in sync with the Podfile.lock. Run 'pod install' or update your CocoaPods installation.\" >&2\n    exit 1\nfi\n# This output is used by Xcode 'outputs' to avoid re-running this script phase.\necho \"SUCCESS\" > \"${SCRIPT_OUTPUT_FILE_0}\"\n";
			showEnvVarsInLog = 0;
		};
		9802ED58BF950CC4319FAEF0 /* [CP] Embed Pods Frameworks */ = {
			isa = PBXShellScriptBuildPhase;
			buildActionMask = 2147483647;
			files = (
			);
			inputFileListPaths = (
				"${PODS_ROOT}/Target Support Files/Pods-ElementsSystem/Pods-ElementsSystem-frameworks-${CONFIGURATION}-input-files.xcfilelist",
			);
			name = "[CP] Embed Pods Frameworks";
			outputFileListPaths = (
				"${PODS_ROOT}/Target Support Files/Pods-ElementsSystem/Pods-ElementsSystem-frameworks-${CONFIGURATION}-output-files.xcfilelist",
			);
			runOnlyForDeploymentPostprocessing = 0;
			shellPath = /bin/sh;
			shellScript = "\"${PODS_ROOT}/Target Support Files/Pods-ElementsSystem/Pods-ElementsSystem-frameworks.sh\"\n";
			showEnvVarsInLog = 0;
		};
/* End PBXShellScriptBuildPhase section */

/* Begin PBXSourcesBuildPhase section */
		1EB1DCFF27F9AE1F0083509E /* Sources */ = {
			isa = PBXSourcesBuildPhase;
			buildActionMask = 2147483647;
			files = (
				1EB1DD0B27F9AE1F0083509E /* MainViewController.swift in Sources */,
				1EB1DD4027F9AED90083509E /* MainElementCollectionViewCell.swift in Sources */,
				1EB1DD3E27F9AED30083509E /* MainCollectionReusableView.swift in Sources */,
				0773444E27FDAF7A006FF3B0 /* Units.swift in Sources */,
				0773444C27FDAEE7006FF3B0 /* Double+Extension.swift in Sources */,
				0773445C27FDDEAC006FF3B0 /* Localization.swift in Sources */,
				0773444527FD8E0B006FF3B0 /* SettingsTableViewController.swift in Sources */,
				1EB1DD0727F9AE1F0083509E /* AppDelegate.swift in Sources */,
				0773444A27FDA0E9006FF3B0 /* UserDefaultsHelper.swift in Sources */,
				1EB1DD0927F9AE1F0083509E /* SceneDelegate.swift in Sources */,
				1EB1DD4227F9AFE20083509E /* LayoutManager.swift in Sources */,
				0773444827FD920B006FF3B0 /* SelectionTableViewController.swift in Sources */,
				1E34A90F27FF590A00BD4AD2 /* GoogleMobileAdsCredentials.swift in Sources */,
				1EB1DD4627F9BB210083509E /* ElementsReader.swift in Sources */,
				0773445027FDB8ED006FF3B0 /* UIApplication+Extension.swift in Sources */,
				1EB1DD4927FB263C0083509E /* MainViewModel.swift in Sources */,
			);
			runOnlyForDeploymentPostprocessing = 0;
		};
		1EB1DD1827F9AE250083509E /* Sources */ = {
			isa = PBXSourcesBuildPhase;
			buildActionMask = 2147483647;
			files = (
				1EB1DD2127F9AE250083509E /* ElementsSystemTests.swift in Sources */,
			);
			runOnlyForDeploymentPostprocessing = 0;
		};
		1EB1DD2227F9AE250083509E /* Sources */ = {
			isa = PBXSourcesBuildPhase;
			buildActionMask = 2147483647;
			files = (
				1EB1DD2D27F9AE250083509E /* ElementsSystemUITestsLaunchTests.swift in Sources */,
				1EB1DD2B27F9AE250083509E /* ElementsSystemUITests.swift in Sources */,
			);
			runOnlyForDeploymentPostprocessing = 0;
		};
/* End PBXSourcesBuildPhase section */

/* Begin PBXTargetDependency section */
		1EB1DD1E27F9AE250083509E /* PBXTargetDependency */ = {
			isa = PBXTargetDependency;
			target = 1EB1DD0227F9AE1F0083509E /* ElementsSystem */;
			targetProxy = 1EB1DD1D27F9AE250083509E /* PBXContainerItemProxy */;
		};
		1EB1DD2827F9AE250083509E /* PBXTargetDependency */ = {
			isa = PBXTargetDependency;
			target = 1EB1DD0227F9AE1F0083509E /* ElementsSystem */;
			targetProxy = 1EB1DD2727F9AE250083509E /* PBXContainerItemProxy */;
		};
/* End PBXTargetDependency section */

/* Begin PBXVariantGroup section */
		0773445527FDDCCE006FF3B0 /* Localizable.strings */ = {
			isa = PBXVariantGroup;
			children = (
				0773445427FDDCCE006FF3B0 /* en */,
			);
			name = Localizable.strings;
			sourceTree = "<group>";
		};
		1EB1DD1427F9AE250083509E /* LaunchScreen.storyboard */ = {
			isa = PBXVariantGroup;
			children = (
				1EB1DD1527F9AE250083509E /* Base */,
			);
			name = LaunchScreen.storyboard;
			sourceTree = "<group>";
		};
/* End PBXVariantGroup section */

/* Begin XCBuildConfiguration section */
		1EB1DD2E27F9AE250083509E /* Debug */ = {
			isa = XCBuildConfiguration;
			buildSettings = {
				ALWAYS_SEARCH_USER_PATHS = NO;
				CLANG_ANALYZER_LOCALIZABILITY_NONLOCALIZED = YES;
				CLANG_ANALYZER_NONNULL = YES;
				CLANG_ANALYZER_NUMBER_OBJECT_CONVERSION = YES_AGGRESSIVE;
				CLANG_CXX_LANGUAGE_STANDARD = "gnu++17";
				CLANG_ENABLE_MODULES = YES;
				CLANG_ENABLE_OBJC_ARC = YES;
				CLANG_ENABLE_OBJC_WEAK = YES;
				CLANG_WARN_BLOCK_CAPTURE_AUTORELEASING = YES;
				CLANG_WARN_BOOL_CONVERSION = YES;
				CLANG_WARN_COMMA = YES;
				CLANG_WARN_CONSTANT_CONVERSION = YES;
				CLANG_WARN_DEPRECATED_OBJC_IMPLEMENTATIONS = YES;
				CLANG_WARN_DIRECT_OBJC_ISA_USAGE = YES_ERROR;
				CLANG_WARN_DOCUMENTATION_COMMENTS = YES;
				CLANG_WARN_EMPTY_BODY = YES;
				CLANG_WARN_ENUM_CONVERSION = YES;
				CLANG_WARN_INFINITE_RECURSION = YES;
				CLANG_WARN_INT_CONVERSION = YES;
				CLANG_WARN_NON_LITERAL_NULL_CONVERSION = YES;
				CLANG_WARN_OBJC_IMPLICIT_RETAIN_SELF = YES;
				CLANG_WARN_OBJC_LITERAL_CONVERSION = YES;
				CLANG_WARN_OBJC_ROOT_CLASS = YES_ERROR;
				CLANG_WARN_QUOTED_INCLUDE_IN_FRAMEWORK_HEADER = YES;
				CLANG_WARN_RANGE_LOOP_ANALYSIS = YES;
				CLANG_WARN_STRICT_PROTOTYPES = YES;
				CLANG_WARN_SUSPICIOUS_MOVE = YES;
				CLANG_WARN_UNGUARDED_AVAILABILITY = YES_AGGRESSIVE;
				CLANG_WARN_UNREACHABLE_CODE = YES;
				CLANG_WARN__DUPLICATE_METHOD_MATCH = YES;
				COPY_PHASE_STRIP = NO;
				DEBUG_INFORMATION_FORMAT = dwarf;
				ENABLE_STRICT_OBJC_MSGSEND = YES;
				ENABLE_TESTABILITY = YES;
				GCC_C_LANGUAGE_STANDARD = gnu11;
				GCC_DYNAMIC_NO_PIC = NO;
				GCC_NO_COMMON_BLOCKS = YES;
				GCC_OPTIMIZATION_LEVEL = 0;
				GCC_PREPROCESSOR_DEFINITIONS = (
					"DEBUG=1",
					"$(inherited)",
				);
				GCC_WARN_64_TO_32_BIT_CONVERSION = YES;
				GCC_WARN_ABOUT_RETURN_TYPE = YES_ERROR;
				GCC_WARN_UNDECLARED_SELECTOR = YES;
				GCC_WARN_UNINITIALIZED_AUTOS = YES_AGGRESSIVE;
				GCC_WARN_UNUSED_FUNCTION = YES;
				GCC_WARN_UNUSED_VARIABLE = YES;
				IPHONEOS_DEPLOYMENT_TARGET = 15.4;
				MTL_ENABLE_DEBUG_INFO = INCLUDE_SOURCE;
				MTL_FAST_MATH = YES;
				ONLY_ACTIVE_ARCH = YES;
				SDKROOT = iphoneos;
				SWIFT_ACTIVE_COMPILATION_CONDITIONS = DEBUG;
				SWIFT_OPTIMIZATION_LEVEL = "-Onone";
			};
			name = Debug;
		};
		1EB1DD2F27F9AE250083509E /* Release */ = {
			isa = XCBuildConfiguration;
			buildSettings = {
				ALWAYS_SEARCH_USER_PATHS = NO;
				CLANG_ANALYZER_LOCALIZABILITY_NONLOCALIZED = YES;
				CLANG_ANALYZER_NONNULL = YES;
				CLANG_ANALYZER_NUMBER_OBJECT_CONVERSION = YES_AGGRESSIVE;
				CLANG_CXX_LANGUAGE_STANDARD = "gnu++17";
				CLANG_ENABLE_MODULES = YES;
				CLANG_ENABLE_OBJC_ARC = YES;
				CLANG_ENABLE_OBJC_WEAK = YES;
				CLANG_WARN_BLOCK_CAPTURE_AUTORELEASING = YES;
				CLANG_WARN_BOOL_CONVERSION = YES;
				CLANG_WARN_COMMA = YES;
				CLANG_WARN_CONSTANT_CONVERSION = YES;
				CLANG_WARN_DEPRECATED_OBJC_IMPLEMENTATIONS = YES;
				CLANG_WARN_DIRECT_OBJC_ISA_USAGE = YES_ERROR;
				CLANG_WARN_DOCUMENTATION_COMMENTS = YES;
				CLANG_WARN_EMPTY_BODY = YES;
				CLANG_WARN_ENUM_CONVERSION = YES;
				CLANG_WARN_INFINITE_RECURSION = YES;
				CLANG_WARN_INT_CONVERSION = YES;
				CLANG_WARN_NON_LITERAL_NULL_CONVERSION = YES;
				CLANG_WARN_OBJC_IMPLICIT_RETAIN_SELF = YES;
				CLANG_WARN_OBJC_LITERAL_CONVERSION = YES;
				CLANG_WARN_OBJC_ROOT_CLASS = YES_ERROR;
				CLANG_WARN_QUOTED_INCLUDE_IN_FRAMEWORK_HEADER = YES;
				CLANG_WARN_RANGE_LOOP_ANALYSIS = YES;
				CLANG_WARN_STRICT_PROTOTYPES = YES;
				CLANG_WARN_SUSPICIOUS_MOVE = YES;
				CLANG_WARN_UNGUARDED_AVAILABILITY = YES_AGGRESSIVE;
				CLANG_WARN_UNREACHABLE_CODE = YES;
				CLANG_WARN__DUPLICATE_METHOD_MATCH = YES;
				COPY_PHASE_STRIP = NO;
				DEBUG_INFORMATION_FORMAT = "dwarf-with-dsym";
				ENABLE_NS_ASSERTIONS = NO;
				ENABLE_STRICT_OBJC_MSGSEND = YES;
				GCC_C_LANGUAGE_STANDARD = gnu11;
				GCC_NO_COMMON_BLOCKS = YES;
				GCC_WARN_64_TO_32_BIT_CONVERSION = YES;
				GCC_WARN_ABOUT_RETURN_TYPE = YES_ERROR;
				GCC_WARN_UNDECLARED_SELECTOR = YES;
				GCC_WARN_UNINITIALIZED_AUTOS = YES_AGGRESSIVE;
				GCC_WARN_UNUSED_FUNCTION = YES;
				GCC_WARN_UNUSED_VARIABLE = YES;
				IPHONEOS_DEPLOYMENT_TARGET = 15.4;
				MTL_ENABLE_DEBUG_INFO = NO;
				MTL_FAST_MATH = YES;
				SDKROOT = iphoneos;
				SWIFT_COMPILATION_MODE = wholemodule;
				SWIFT_OPTIMIZATION_LEVEL = "-O";
				VALIDATE_PRODUCT = YES;
			};
			name = Release;
		};
		1EB1DD3127F9AE250083509E /* Debug */ = {
			isa = XCBuildConfiguration;
			baseConfigurationReference = 9368EFD8A4C976E6F9F9BCEA /* Pods-ElementsSystem.debug.xcconfig */;
			buildSettings = {
				ASSETCATALOG_COMPILER_APPICON_NAME = AppIcon;
				ASSETCATALOG_COMPILER_GLOBAL_ACCENT_COLOR_NAME = AccentColor;
				CODE_SIGN_ENTITLEMENTS = ElementsSystem/ElementsSystem.entitlements;
				CODE_SIGN_STYLE = Automatic;
				CURRENT_PROJECT_VERSION = 1;
				DEVELOPMENT_TEAM = 4D5NR7NN6K;
				GENERATE_INFOPLIST_FILE = YES;
				INFOPLIST_FILE = ElementsSystem/Application/Info.plist;
				INFOPLIST_KEY_CFBundleDisplayName = Elements;
				INFOPLIST_KEY_UIApplicationSupportsIndirectInputEvents = YES;
				INFOPLIST_KEY_UILaunchStoryboardName = LaunchScreen;
				INFOPLIST_KEY_UISupportedInterfaceOrientations_iPad = "UIInterfaceOrientationPortrait UIInterfaceOrientationPortraitUpsideDown UIInterfaceOrientationLandscapeLeft UIInterfaceOrientationLandscapeRight";
				INFOPLIST_KEY_UISupportedInterfaceOrientations_iPhone = "UIInterfaceOrientationPortrait UIInterfaceOrientationLandscapeLeft UIInterfaceOrientationLandscapeRight";
				IPHONEOS_DEPLOYMENT_TARGET = 14.0;
				LD_RUNPATH_SEARCH_PATHS = (
					"$(inherited)",
					"@executable_path/Frameworks",
				);
				MARKETING_VERSION = 1.0;
				PRODUCT_BUNDLE_IDENTIFIER = com.chemical.elementssystem;
				PRODUCT_NAME = "$(TARGET_NAME)";
				SUPPORTS_MACCATALYST = NO;
				SWIFT_EMIT_LOC_STRINGS = YES;
				SWIFT_VERSION = 5.0;
				TARGETED_DEVICE_FAMILY = "1,2";
			};
			name = Debug;
		};
		1EB1DD3227F9AE250083509E /* Release */ = {
			isa = XCBuildConfiguration;
			baseConfigurationReference = E28D740CC1AC4ED2B304D7DA /* Pods-ElementsSystem.release.xcconfig */;
			buildSettings = {
				ASSETCATALOG_COMPILER_APPICON_NAME = AppIcon;
				ASSETCATALOG_COMPILER_GLOBAL_ACCENT_COLOR_NAME = AccentColor;
				CODE_SIGN_ENTITLEMENTS = ElementsSystem/ElementsSystem.entitlements;
				CODE_SIGN_STYLE = Automatic;
				CURRENT_PROJECT_VERSION = 1;
				DEVELOPMENT_TEAM = 4D5NR7NN6K;
				GENERATE_INFOPLIST_FILE = YES;
				INFOPLIST_FILE = ElementsSystem/Application/Info.plist;
				INFOPLIST_KEY_CFBundleDisplayName = Elements;
				INFOPLIST_KEY_UIApplicationSupportsIndirectInputEvents = YES;
				INFOPLIST_KEY_UILaunchStoryboardName = LaunchScreen;
				INFOPLIST_KEY_UISupportedInterfaceOrientations_iPad = "UIInterfaceOrientationPortrait UIInterfaceOrientationPortraitUpsideDown UIInterfaceOrientationLandscapeLeft UIInterfaceOrientationLandscapeRight";
				INFOPLIST_KEY_UISupportedInterfaceOrientations_iPhone = "UIInterfaceOrientationPortrait UIInterfaceOrientationLandscapeLeft UIInterfaceOrientationLandscapeRight";
				IPHONEOS_DEPLOYMENT_TARGET = 14.0;
				LD_RUNPATH_SEARCH_PATHS = (
					"$(inherited)",
					"@executable_path/Frameworks",
				);
				MARKETING_VERSION = 1.0;
				PRODUCT_BUNDLE_IDENTIFIER = com.chemical.elementssystem;
				PRODUCT_NAME = "$(TARGET_NAME)";
				SUPPORTS_MACCATALYST = NO;
				SWIFT_EMIT_LOC_STRINGS = YES;
				SWIFT_VERSION = 5.0;
				TARGETED_DEVICE_FAMILY = "1,2";
			};
			name = Release;
		};
		1EB1DD3427F9AE250083509E /* Debug */ = {
			isa = XCBuildConfiguration;
			baseConfigurationReference = 0E41DC826240756952863A74 /* Pods-ElementsSystemTests.debug.xcconfig */;
			buildSettings = {
				ALWAYS_EMBED_SWIFT_STANDARD_LIBRARIES = YES;
				BUNDLE_LOADER = "$(TEST_HOST)";
				CODE_SIGN_STYLE = Automatic;
				CURRENT_PROJECT_VERSION = 1;
				DEVELOPMENT_TEAM = 4D5NR7NN6K;
				GENERATE_INFOPLIST_FILE = YES;
				IPHONEOS_DEPLOYMENT_TARGET = 15.4;
				MARKETING_VERSION = 1.0;
				PRODUCT_BUNDLE_IDENTIFIER = "VladyslavB-UK.ElementsSystemTests";
				PRODUCT_NAME = "$(TARGET_NAME)";
				SWIFT_EMIT_LOC_STRINGS = NO;
				SWIFT_VERSION = 5.0;
				TARGETED_DEVICE_FAMILY = "1,2";
				TEST_HOST = "$(BUILT_PRODUCTS_DIR)/ElementsSystem.app/ElementsSystem";
			};
			name = Debug;
		};
		1EB1DD3527F9AE250083509E /* Release */ = {
			isa = XCBuildConfiguration;
			baseConfigurationReference = BCBD493EB9B4BFF3CCFEDC20 /* Pods-ElementsSystemTests.release.xcconfig */;
			buildSettings = {
				ALWAYS_EMBED_SWIFT_STANDARD_LIBRARIES = YES;
				BUNDLE_LOADER = "$(TEST_HOST)";
				CODE_SIGN_STYLE = Automatic;
				CURRENT_PROJECT_VERSION = 1;
				DEVELOPMENT_TEAM = 4D5NR7NN6K;
				GENERATE_INFOPLIST_FILE = YES;
				IPHONEOS_DEPLOYMENT_TARGET = 15.4;
				MARKETING_VERSION = 1.0;
				PRODUCT_BUNDLE_IDENTIFIER = "VladyslavB-UK.ElementsSystemTests";
				PRODUCT_NAME = "$(TARGET_NAME)";
				SWIFT_EMIT_LOC_STRINGS = NO;
				SWIFT_VERSION = 5.0;
				TARGETED_DEVICE_FAMILY = "1,2";
				TEST_HOST = "$(BUILT_PRODUCTS_DIR)/ElementsSystem.app/ElementsSystem";
			};
			name = Release;
		};
		1EB1DD3727F9AE250083509E /* Debug */ = {
			isa = XCBuildConfiguration;
			baseConfigurationReference = 4F342CE81885A0F758BF5A7C /* Pods-ElementsSystem-ElementsSystemUITests.debug.xcconfig */;
			buildSettings = {
				ALWAYS_EMBED_SWIFT_STANDARD_LIBRARIES = YES;
				CODE_SIGN_STYLE = Automatic;
				CURRENT_PROJECT_VERSION = 1;
				DEVELOPMENT_TEAM = 4D5NR7NN6K;
				GENERATE_INFOPLIST_FILE = YES;
				MARKETING_VERSION = 1.0;
				PRODUCT_BUNDLE_IDENTIFIER = "VladyslavB-UK.ElementsSystemUITests";
				PRODUCT_NAME = "$(TARGET_NAME)";
				SWIFT_EMIT_LOC_STRINGS = NO;
				SWIFT_VERSION = 5.0;
				TARGETED_DEVICE_FAMILY = "1,2";
				TEST_TARGET_NAME = ElementsSystem;
			};
			name = Debug;
		};
		1EB1DD3827F9AE250083509E /* Release */ = {
			isa = XCBuildConfiguration;
			baseConfigurationReference = D2E5E7502131F2191B5F2A73 /* Pods-ElementsSystem-ElementsSystemUITests.release.xcconfig */;
			buildSettings = {
				ALWAYS_EMBED_SWIFT_STANDARD_LIBRARIES = YES;
				CODE_SIGN_STYLE = Automatic;
				CURRENT_PROJECT_VERSION = 1;
				DEVELOPMENT_TEAM = 4D5NR7NN6K;
				GENERATE_INFOPLIST_FILE = YES;
				MARKETING_VERSION = 1.0;
				PRODUCT_BUNDLE_IDENTIFIER = "VladyslavB-UK.ElementsSystemUITests";
				PRODUCT_NAME = "$(TARGET_NAME)";
				SWIFT_EMIT_LOC_STRINGS = NO;
				SWIFT_VERSION = 5.0;
				TARGETED_DEVICE_FAMILY = "1,2";
				TEST_TARGET_NAME = ElementsSystem;
			};
			name = Release;
		};
/* End XCBuildConfiguration section */

/* Begin XCConfigurationList section */
		1EB1DCFE27F9AE1F0083509E /* Build configuration list for PBXProject "ElementsSystem" */ = {
			isa = XCConfigurationList;
			buildConfigurations = (
				1EB1DD2E27F9AE250083509E /* Debug */,
				1EB1DD2F27F9AE250083509E /* Release */,
			);
			defaultConfigurationIsVisible = 0;
			defaultConfigurationName = Release;
		};
		1EB1DD3027F9AE250083509E /* Build configuration list for PBXNativeTarget "ElementsSystem" */ = {
			isa = XCConfigurationList;
			buildConfigurations = (
				1EB1DD3127F9AE250083509E /* Debug */,
				1EB1DD3227F9AE250083509E /* Release */,
			);
			defaultConfigurationIsVisible = 0;
			defaultConfigurationName = Release;
		};
		1EB1DD3327F9AE250083509E /* Build configuration list for PBXNativeTarget "ElementsSystemTests" */ = {
			isa = XCConfigurationList;
			buildConfigurations = (
				1EB1DD3427F9AE250083509E /* Debug */,
				1EB1DD3527F9AE250083509E /* Release */,
			);
			defaultConfigurationIsVisible = 0;
			defaultConfigurationName = Release;
		};
		1EB1DD3627F9AE250083509E /* Build configuration list for PBXNativeTarget "ElementsSystemUITests" */ = {
			isa = XCConfigurationList;
			buildConfigurations = (
				1EB1DD3727F9AE250083509E /* Debug */,
				1EB1DD3827F9AE250083509E /* Release */,
			);
			defaultConfigurationIsVisible = 0;
			defaultConfigurationName = Release;
		};
/* End XCConfigurationList section */
	};
	rootObject = 1EB1DCFB27F9AE1F0083509E /* Project object */;
}
